
Microsoft Visual Studio Solution File, Format Version 12.00
# Visual Studio 15
VisualStudioVersion = 15.0.26730.16
MinimumVisualStudioVersion = 10.0.40219.1
Project("{8BC9CEB8-8B4A-11D0-8D11-00A0C91BC942}") = "堆栈（链表实现）2", "堆栈（链表实现）2\堆栈（链表实现）2.vcxproj", "{C3E150B9-35F6-4F8B-AFAB-AEB6AB3DAD36}"
EndProject
Global
	GlobalSection(SolutionConfigurationPlatforms) = preSolution
		Debug|x64 = Debug|x64
		Debug|x86 = Debug|x86
		Release|x64 = Release|x64
		Release|x86 = Release|x86
	EndGlobalSection
	GlobalSection(ProjectConfigurationPlatforms) = postSolution
		{C3E150B9-35F6-4F8B-AFAB-AEB6AB3DAD36}.Debug|x64.ActiveCfg = Debug|x64
		{C3E150B9-35F6-4F8B-AFAB-AEB6AB3DAD36}.Debug|x64.Build.0 = Debug|x64
		{C3E150B9-35F6-4F8B-AFAB-AEB6AB3DAD36}.Debug|x86.ActiveCfg = Debug|Win32
		{C3E150B9-35F6-4F8B-AFAB-AEB6AB3DAD36}.Debug|x86.Build.0 = Debug|Win32
		{C3E150B9-35F6-4F8B-AFAB-AEB6AB3DAD36}.Release|x64.ActiveCfg = Release|x64
		{C3E150B9-35F6-4F8B-AFAB-AEB6AB3DAD36}.Release|x64.Build.0 = Release|x64
		{C3E150B9-35F6-4F8B-AFAB-AEB6AB3DAD36}.Release|x86.ActiveCfg = Release|Win32
		{C3E150B9-35F6-4F8B-AFAB-AEB6AB3DAD36}.Release|x86.Build.0 = Release|Win32
	EndGlobalSection
	GlobalSection(SolutionProperties) = preSolution
		HideSolutionNode = FALSE
	EndGlobalSection
	GlobalSection(ExtensibilityGlobals) = postSolution
		SolutionGuid = {2E0C0975-8AB5-414A-9DCD-484593E54E65}
	EndGlobalSection
EndGlobal
